// !$*UTF8*$!
{
	archiveVersion = 1;
	classes = {
	};
	objectVersion = 56;
	objects = {

/* Begin PBXBuildFile section */
		CB736CA52B37435100C844F1 /* calculationView.swift in Sources */ = {isa = PBXBuildFile; fileRef = CB736CA42B37435100C844F1 /* calculationView.swift */; };
		CB7839732B352AD600B753A2 /* AstroCompass.swift in Sources */ = {isa = PBXBuildFile; fileRef = CB7839722B352AD600B753A2 /* AstroCompass.swift */; };
		CB7839752B352AD600B753A2 /* LocationView.swift in Sources */ = {isa = PBXBuildFile; fileRef = CB7839742B352AD600B753A2 /* LocationView.swift */; };
		CB7839772B352AD800B753A2 /* Assets.xcassets in Resources */ = {isa = PBXBuildFile; fileRef = CB7839762B352AD800B753A2 /* Assets.xcassets */; };
		CB78397A2B352AD800B753A2 /* Preview Assets.xcassets in Resources */ = {isa = PBXBuildFile; fileRef = CB7839792B352AD800B753A2 /* Preview Assets.xcassets */; };
		CB7BD5C62B3D6708005D6D4F /* starList.swift in Sources */ = {isa = PBXBuildFile; fileRef = CB7BD5C52B3D6708005D6D4F /* starList.swift */; };
		CB7BD5C82B3E745D005D6D4F /* starView.swift in Sources */ = {isa = PBXBuildFile; fileRef = CB7BD5C72B3E745D005D6D4F /* starView.swift */; };
		CB8D1D042B3542F3009E39C8 /* ContentView.swift in Sources */ = {isa = PBXBuildFile; fileRef = CB8D1D032B3542F3009E39C8 /* ContentView.swift */; };
		CB8D1D062B3543D5009E39C8 /* motionView.swift in Sources */ = {isa = PBXBuildFile; fileRef = CB8D1D052B3543D5009E39C8 /* motionView.swift */; };
		CBB086D92B381955007366F9 /* calculationFunc.swift in Sources */ = {isa = PBXBuildFile; fileRef = CBB086D82B381955007366F9 /* calculationFunc.swift */; };
/* End PBXBuildFile section */

/* Begin PBXFileReference section */
		CB736CA42B37435100C844F1 /* calculationView.swift */ = {isa = PBXFileReference; lastKnownFileType = sourcecode.swift; path = calculationView.swift; sourceTree = "<group>"; };
		CB78396F2B352AD600B753A2 /* AstroCompass.app */ = {isa = PBXFileReference; explicitFileType = wrapper.application; includeInIndex = 0; path = AstroCompass.app; sourceTree = BUILT_PRODUCTS_DIR; };
		CB7839722B352AD600B753A2 /* AstroCompass.swift */ = {isa = PBXFileReference; lastKnownFileType = sourcecode.swift; path = AstroCompass.swift; sourceTree = "<group>"; };
		CB7839742B352AD600B753A2 /* LocationView.swift */ = {isa = PBXFileReference; lastKnownFileType = sourcecode.swift; path = LocationView.swift; sourceTree = "<group>"; };
		CB7839762B352AD800B753A2 /* Assets.xcassets */ = {isa = PBXFileReference; lastKnownFileType = folder.assetcatalog; path = Assets.xcassets; sourceTree = "<group>"; };
		CB7839792B352AD800B753A2 /* Preview Assets.xcassets */ = {isa = PBXFileReference; lastKnownFileType = folder.assetcatalog; path = "Preview Assets.xcassets"; sourceTree = "<group>"; };
		CB7BD5C52B3D6708005D6D4F /* starList.swift */ = {isa = PBXFileReference; lastKnownFileType = sourcecode.swift; path = starList.swift; sourceTree = "<group>"; };
		CB7BD5C72B3E745D005D6D4F /* starView.swift */ = {isa = PBXFileReference; lastKnownFileType = sourcecode.swift; path = starView.swift; sourceTree = "<group>"; };
		CB8D1D032B3542F3009E39C8 /* ContentView.swift */ = {isa = PBXFileReference; lastKnownFileType = sourcecode.swift; path = ContentView.swift; sourceTree = "<group>"; };
		CB8D1D052B3543D5009E39C8 /* motionView.swift */ = {isa = PBXFileReference; lastKnownFileType = sourcecode.swift; path = motionView.swift; sourceTree = "<group>"; };
		CBB086D82B381955007366F9 /* calculationFunc.swift */ = {isa = PBXFileReference; lastKnownFileType = sourcecode.swift; path = calculationFunc.swift; sourceTree = "<group>"; };
/* End PBXFileReference section */

/* Begin PBXFrameworksBuildPhase section */
		CB78396C2B352AD600B753A2 /* Frameworks */ = {
			isa = PBXFrameworksBuildPhase;
			buildActionMask = 2147483647;
			files = (
			);
			runOnlyForDeploymentPostprocessing = 0;
		};
/* End PBXFrameworksBuildPhase section */

/* Begin PBXGroup section */
		CB7839662B352AD600B753A2 = {
			isa = PBXGroup;
			children = (
				CB7839712B352AD600B753A2 /* AstroCompass */,
				CB7839702B352AD600B753A2 /* Products */,
			);
			sourceTree = "<group>";
		};
		CB7839702B352AD600B753A2 /* Products */ = {
			isa = PBXGroup;
			children = (
				CB78396F2B352AD600B753A2 /* AstroCompass.app */,
			);
			name = Products;
			sourceTree = "<group>";
		};
		CB7839712B352AD600B753A2 /* AstroCompass */ = {
			isa = PBXGroup;
			children = (
				CB7839722B352AD600B753A2 /* AstroCompass.swift */,
				CB8D1D032B3542F3009E39C8 /* ContentView.swift */,
				CB7839742B352AD600B753A2 /* LocationView.swift */,
				CB8D1D052B3543D5009E39C8 /* motionView.swift */,
				CB736CA42B37435100C844F1 /* calculationView.swift */,
				CBB086D82B381955007366F9 /* calculationFunc.swift */,
				CB7BD5C52B3D6708005D6D4F /* starList.swift */,
				CB7BD5C72B3E745D005D6D4F /* starView.swift */,
				CB7839762B352AD800B753A2 /* Assets.xcassets */,
				CB7839782B352AD800B753A2 /* Preview Content */,
			);
			path = AstroCompass;
			sourceTree = "<group>";
		};
		CB7839782B352AD800B753A2 /* Preview Content */ = {
			isa = PBXGroup;
			children = (
				CB7839792B352AD800B753A2 /* Preview Assets.xcassets */,
			);
			path = "Preview Content";
			sourceTree = "<group>";
		};
/* End PBXGroup section */

/* Begin PBXNativeTarget section */
		CB78396E2B352AD600B753A2 /* AstroCompass */ = {
			isa = PBXNativeTarget;
			buildConfigurationList = CB78397D2B352AD800B753A2 /* Build configuration list for PBXNativeTarget "AstroCompass" */;
			buildPhases = (
				CB78396B2B352AD600B753A2 /* Sources */,
				CB78396C2B352AD600B753A2 /* Frameworks */,
				CB78396D2B352AD600B753A2 /* Resources */,
			);
			buildRules = (
			);
			dependencies = (
			);
			name = AstroCompass;
			productName = "location test";
			productReference = CB78396F2B352AD600B753A2 /* AstroCompass.app */;
			productType = "com.apple.product-type.application";
		};
/* End PBXNativeTarget section */

/* Begin PBXProject section */
		CB7839672B352AD600B753A2 /* Project object */ = {
			isa = PBXProject;
			attributes = {
				BuildIndependentTargetsInParallel = 1;
				LastSwiftUpdateCheck = 1510;
				LastUpgradeCheck = 1510;
				TargetAttributes = {
					CB78396E2B352AD600B753A2 = {
						CreatedOnToolsVersion = 15.1;
					};
				};
			};
			buildConfigurationList = CB78396A2B352AD600B753A2 /* Build configuration list for PBXProject "AstroCompass" */;
			compatibilityVersion = "Xcode 14.0";
			developmentRegion = en;
			hasScannedForEncodings = 0;
			knownRegions = (
				en,
				Base,
			);
			mainGroup = CB7839662B352AD600B753A2;
			productRefGroup = CB7839702B352AD600B753A2 /* Products */;
			projectDirPath = "";
			projectRoot = "";
			targets = (
				CB78396E2B352AD600B753A2 /* AstroCompass */,
			);
		};
/* End PBXProject section */

/* Begin PBXResourcesBuildPhase section */
		CB78396D2B352AD600B753A2 /* Resources */ = {
			isa = PBXResourcesBuildPhase;
			buildActionMask = 2147483647;
			files = (
				CB78397A2B352AD800B753A2 /* Preview Assets.xcassets in Resources */,
				CB7839772B352AD800B753A2 /* Assets.xcassets in Resources */,
			);
			runOnlyForDeploymentPostprocessing = 0;
		};
/* End PBXResourcesBuildPhase section */

/* Begin PBXSourcesBuildPhase section */
		CB78396B2B352AD600B753A2 /* Sources */ = {
			isa = PBXSourcesBuildPhase;
			buildActionMask = 2147483647;
			files = (
				CB8D1D062B3543D5009E39C8 /* motionView.swift in Sources */,
				CB7839752B352AD600B753A2 /* LocationView.swift in Sources */,
				CB8D1D042B3542F3009E39C8 /* ContentView.swift in Sources */,
				CB7839732B352AD600B753A2 /* AstroCompass.swift in Sources */,
				CB736CA52B37435100C844F1 /* calculationView.swift in Sources */,
				CB7BD5C62B3D6708005D6D4F /* starList.swift in Sources */,
				CB7BD5C82B3E745D005D6D4F /* starView.swift in Sources */,
				CBB086D92B381955007366F9 /* calculationFunc.swift in Sources */,
			);
			runOnlyForDeploymentPostprocessing = 0;
		};
/* End PBXSourcesBuildPhase section */

/* Begin XCBuildConfiguration section */
		CB78397B2B352AD800B753A2 /* Debug */ = {
			isa = XCBuildConfiguration;
			buildSettings = {
				ALWAYS_SEARCH_USER_PATHS = NO;
				ASSETCATALOG_COMPILER_GENERATE_SWIFT_ASSET_SYMBOL_EXTENSIONS = YES;
				CLANG_ANALYZER_NONNULL = YES;
				CLANG_ANALYZER_NUMBER_OBJECT_CONVERSION = YES_AGGRESSIVE;
				CLANG_CXX_LANGUAGE_STANDARD = "gnu++20";
				CLANG_ENABLE_MODULES = YES;
				CLANG_ENABLE_OBJC_ARC = YES;
				CLANG_ENABLE_OBJC_WEAK = YES;
				CLANG_WARN_BLOCK_CAPTURE_AUTORELEASING = YES;
				CLANG_WARN_BOOL_CONVERSION = YES;
				CLANG_WARN_COMMA = YES;
				CLANG_WARN_CONSTANT_CONVERSION = YES;
				CLANG_WARN_DEPRECATED_OBJC_IMPLEMENTATIONS = YES;
				CLANG_WARN_DIRECT_OBJC_ISA_USAGE = YES_ERROR;
				CLANG_WARN_DOCUMENTATION_COMMENTS = YES;
				CLANG_WARN_EMPTY_BODY = YES;
				CLANG_WARN_ENUM_CONVERSION = YES;
				CLANG_WARN_INFINITE_RECURSION = YES;
				CLANG_WARN_INT_CONVERSION = YES;
				CLANG_WARN_NON_LITERAL_NULL_CONVERSION = YES;
				CLANG_WARN_OBJC_IMPLICIT_RETAIN_SELF = YES;
				CLANG_WARN_OBJC_LITERAL_CONVERSION = YES;
				CLANG_WARN_OBJC_ROOT_CLASS = YES_ERROR;
				CLANG_WARN_QUOTED_INCLUDE_IN_FRAMEWORK_HEADER = YES;
				CLANG_WARN_RANGE_LOOP_ANALYSIS = YES;
				CLANG_WARN_STRICT_PROTOTYPES = YES;
				CLANG_WARN_SUSPICIOUS_MOVE = YES;
				CLANG_WARN_UNGUARDED_AVAILABILITY = YES_AGGRESSIVE;
				CLANG_WARN_UNREACHABLE_CODE = YES;
				CLANG_WARN__DUPLICATE_METHOD_MATCH = YES;
				COPY_PHASE_STRIP = NO;
				DEBUG_INFORMATION_FORMAT = dwarf;
				ENABLE_STRICT_OBJC_MSGSEND = YES;
				ENABLE_TESTABILITY = YES;
				ENABLE_USER_SCRIPT_SANDBOXING = YES;
				GCC_C_LANGUAGE_STANDARD = gnu17;
				GCC_DYNAMIC_NO_PIC = NO;
				GCC_NO_COMMON_BLOCKS = YES;
				GCC_OPTIMIZATION_LEVEL = 0;
				GCC_PREPROCESSOR_DEFINITIONS = (
					"DEBUG=1",
					"$(inherited)",
				);
				GCC_WARN_64_TO_32_BIT_CONVERSION = YES;
				GCC_WARN_ABOUT_RETURN_TYPE = YES_ERROR;
				GCC_WARN_UNDECLARED_SELECTOR = YES;
				GCC_WARN_UNINITIALIZED_AUTOS = YES_AGGRESSIVE;
				GCC_WARN_UNUSED_FUNCTION = YES;
				GCC_WARN_UNUSED_VARIABLE = YES;
				IPHONEOS_DEPLOYMENT_TARGET = 17.2;
				LOCALIZATION_PREFERS_STRING_CATALOGS = YES;
				MTL_ENABLE_DEBUG_INFO = INCLUDE_SOURCE;
				MTL_FAST_MATH = YES;
				ONLY_ACTIVE_ARCH = YES;
				SDKROOT = iphoneos;
				SWIFT_ACTIVE_COMPILATION_CONDITIONS = "DEBUG $(inherited)";
				SWIFT_OPTIMIZATION_LEVEL = "-Onone";
			};
			name = Debug;
		};
		CB78397C2B352AD800B753A2 /* Release */ = {
			isa = XCBuildConfiguration;
			buildSettings = {
				ALWAYS_SEARCH_USER_PATHS = NO;
				ASSETCATALOG_COMPILER_GENERATE_SWIFT_ASSET_SYMBOL_EXTENSIONS = YES;
				CLANG_ANALYZER_NONNULL = YES;
				CLANG_ANALYZER_NUMBER_OBJECT_CONVERSION = YES_AGGRESSIVE;
				CLANG_CXX_LANGUAGE_STANDARD = "gnu++20";
				CLANG_ENABLE_MODULES = YES;
				CLANG_ENABLE_OBJC_ARC = YES;
				CLANG_ENABLE_OBJC_WEAK = YES;
				CLANG_WARN_BLOCK_CAPTURE_AUTORELEASING = YES;
				CLANG_WARN_BOOL_CONVERSION = YES;
				CLANG_WARN_COMMA = YES;
				CLANG_WARN_CONSTANT_CONVERSION = YES;
				CLANG_WARN_DEPRECATED_OBJC_IMPLEMENTATIONS = YES;
				CLANG_WARN_DIRECT_OBJC_ISA_USAGE = YES_ERROR;
				CLANG_WARN_DOCUMENTATION_COMMENTS = YES;
				CLANG_WARN_EMPTY_BODY = YES;
				CLANG_WARN_ENUM_CONVERSION = YES;
				CLANG_WARN_INFINITE_RECURSION = YES;
				CLANG_WARN_INT_CONVERSION = YES;
				CLANG_WARN_NON_LITERAL_NULL_CONVERSION = YES;
				CLANG_WARN_OBJC_IMPLICIT_RETAIN_SELF = YES;
				CLANG_WARN_OBJC_LITERAL_CONVERSION = YES;
				CLANG_WARN_OBJC_ROOT_CLASS = YES_ERROR;
				CLANG_WARN_QUOTED_INCLUDE_IN_FRAMEWORK_HEADER = YES;
				CLANG_WARN_RANGE_LOOP_ANALYSIS = YES;
				CLANG_WARN_STRICT_PROTOTYPES = YES;
				CLANG_WARN_SUSPICIOUS_MOVE = YES;
				CLANG_WARN_UNGUARDED_AVAILABILITY = YES_AGGRESSIVE;
				CLANG_WARN_UNREACHABLE_CODE = YES;
				CLANG_WARN__DUPLICATE_METHOD_MATCH = YES;
				COPY_PHASE_STRIP = NO;
				DEBUG_INFORMATION_FORMAT = "dwarf-with-dsym";
				ENABLE_NS_ASSERTIONS = NO;
				ENABLE_STRICT_OBJC_MSGSEND = YES;
				ENABLE_USER_SCRIPT_SANDBOXING = YES;
				GCC_C_LANGUAGE_STANDARD = gnu17;
				GCC_NO_COMMON_BLOCKS = YES;
				GCC_WARN_64_TO_32_BIT_CONVERSION = YES;
				GCC_WARN_ABOUT_RETURN_TYPE = YES_ERROR;
				GCC_WARN_UNDECLARED_SELECTOR = YES;
				GCC_WARN_UNINITIALIZED_AUTOS = YES_AGGRESSIVE;
				GCC_WARN_UNUSED_FUNCTION = YES;
				GCC_WARN_UNUSED_VARIABLE = YES;
				IPHONEOS_DEPLOYMENT_TARGET = 17.2;
				LOCALIZATION_PREFERS_STRING_CATALOGS = YES;
				MTL_ENABLE_DEBUG_INFO = NO;
				MTL_FAST_MATH = YES;
				SDKROOT = iphoneos;
				SWIFT_COMPILATION_MODE = wholemodule;
				VALIDATE_PRODUCT = YES;
			};
			name = Release;
		};
		CB78397E2B352AD800B753A2 /* Debug */ = {
			isa = XCBuildConfiguration;
			buildSettings = {
				ASSETCATALOG_COMPILER_APPICON_NAME = AppIcon;
				ASSETCATALOG_COMPILER_GLOBAL_ACCENT_COLOR_NAME = AccentColor;
				CODE_SIGN_STYLE = Automatic;
				CURRENT_PROJECT_VERSION = 1;
				DEVELOPMENT_ASSET_PATHS = "\"AstroCompass/Preview Content\"";
				DEVELOPMENT_TEAM = TN62Y7N52Z;
				ENABLE_PREVIEWS = YES;
				GENERATE_INFOPLIST_FILE = YES;
				INFOPLIST_KEY_NSLocationWhenInUseUsageDescription = "Calculation requires location data";
				INFOPLIST_KEY_UIApplicationSceneManifest_Generation = YES;
				INFOPLIST_KEY_UIApplicationSupportsIndirectInputEvents = YES;
				INFOPLIST_KEY_UILaunchScreen_Generation = YES;
				INFOPLIST_KEY_UISupportedInterfaceOrientations = UIInterfaceOrientationPortrait;
				INFOPLIST_KEY_UISupportedInterfaceOrientations_iPad = "UIInterfaceOrientationLandscapeLeft UIInterfaceOrientationLandscapeRight UIInterfaceOrientationPortrait UIInterfaceOrientationPortraitUpsideDown";
				INFOPLIST_KEY_UIUserInterfaceStyle = Dark;
				LD_RUNPATH_SEARCH_PATHS = (
					"$(inherited)",
					"@executable_path/Frameworks",
				);
				MARKETING_VERSION = 1.0;
				PRODUCT_BUNDLE_IDENTIFIER = com.AndyTung.AstroCompass;
				PRODUCT_NAME = "$(TARGET_NAME)";
				SUPPORTED_PLATFORMS = "iphoneos iphonesimulator";
				SUPPORTS_MACCATALYST = NO;
				SUPPORTS_MAC_DESIGNED_FOR_IPHONE_IPAD = NO;
				SWIFT_EMIT_LOC_STRINGS = YES;
				SWIFT_VERSION = 5.0;
				TARGETED_DEVICE_FAMILY = 1;
			};
			name = Debug;
		};
		CB78397F2B352AD800B753A2 /* Release */ = {
			isa = XCBuildConfiguration;
			buildSettings = {
				ASSETCATALOG_COMPILER_APPICON_NAME = AppIcon;
				ASSETCATALOG_COMPILER_GLOBAL_ACCENT_COLOR_NAME = AccentColor;
				CODE_SIGN_STYLE = Automatic;
				CURRENT_PROJECT_VERSION = 1;
				DEVELOPMENT_ASSET_PATHS = "\"AstroCompass/Preview Content\"";
				DEVELOPMENT_TEAM = TN62Y7N52Z;
				ENABLE_PREVIEWS = YES;
				GENERATE_INFOPLIST_FILE = YES;
				INFOPLIST_KEY_NSLocationWhenInUseUsageDescription = "Calculation requires location data";
				INFOPLIST_KEY_UIApplicationSceneManifest_Generation = YES;
				INFOPLIST_KEY_UIApplicationSupportsIndirectInputEvents = YES;
				INFOPLIST_KEY_UILaunchScreen_Generation = YES;
				INFOPLIST_KEY_UISupportedInterfaceOrientations = UIInterfaceOrientationPortrait;
				INFOPLIST_KEY_UISupportedInterfaceOrientations_iPad = "UIInterfaceOrientationLandscapeLeft UIInterfaceOrientationLandscapeRight UIInterfaceOrientationPortrait UIInterfaceOrientationPortraitUpsideDown";
				INFOPLIST_KEY_UIUserInterfaceStyle = Dark;
				LD_RUNPATH_SEARCH_PATHS = (
					"$(inherited)",
					"@executable_path/Frameworks",
				);
				MARKETING_VERSION = 1.0;
				PRODUCT_BUNDLE_IDENTIFIER = com.AndyTung.AstroCompass;
				PRODUCT_NAME = "$(TARGET_NAME)";
				SUPPORTED_PLATFORMS = "iphoneos iphonesimulator";
				SUPPORTS_MACCATALYST = NO;
				SUPPORTS_MAC_DESIGNED_FOR_IPHONE_IPAD = NO;
				SWIFT_EMIT_LOC_STRINGS = YES;
				SWIFT_VERSION = 5.0;
				TARGETED_DEVICE_FAMILY = 1;
			};
			name = Release;
		};
/* End XCBuildConfiguration section */

/* Begin XCConfigurationList section */
		CB78396A2B352AD600B753A2 /* Build configuration list for PBXProject "AstroCompass" */ = {
			isa = XCConfigurationList;
			buildConfigurations = (
				CB78397B2B352AD800B753A2 /* Debug */,
				CB78397C2B352AD800B753A2 /* Release */,
			);
			defaultConfigurationIsVisible = 0;
			defaultConfigurationName = Release;
		};
		CB78397D2B352AD800B753A2 /* Build configuration list for PBXNativeTarget "AstroCompass" */ = {
			isa = XCConfigurationList;
			buildConfigurations = (
				CB78397E2B352AD800B753A2 /* Debug */,
				CB78397F2B352AD800B753A2 /* Release */,
			);
			defaultConfigurationIsVisible = 0;
			defaultConfigurationName = Release;
		};
/* End XCConfigurationList section */
	};
	rootObject = CB7839672B352AD600B753A2 /* Project object */;
}
